
Microsoft Visual Studio Solution File, Format Version 12.00
# Visual Studio Version 17
VisualStudioVersion = 17.4.33205.214
MinimumVisualStudioVersion = 10.0.40219.1
Project("{9A19103F-16F7-4668-BE54-9A1E7A4F7556}") = "UgntuLab", "UgntuLab\UgntuLab.csproj", "{7607BDAB-6E3F-4B80-AB98-2E1AC85EA03B}"
EndProject
Project("{9A19103F-16F7-4668-BE54-9A1E7A4F7556}") = "lab5", "..\lab5\lab5\lab5.csproj", "{8F366E26-6276-455D-9F77-5A072F65EAEB}"
EndProject
Global
	GlobalSection(SolutionConfigurationPlatforms) = preSolution
		Debug|Any CPU = Debug|Any CPU
		Release|Any CPU = Release|Any CPU
	EndGlobalSection
	GlobalSection(ProjectConfigurationPlatforms) = postSolution
		{7607BDAB-6E3F-4B80-AB98-2E1AC85EA03B}.Debug|Any CPU.ActiveCfg = Debug|Any CPU
		{7607BDAB-6E3F-4B80-AB98-2E1AC85EA03B}.Debug|Any CPU.Build.0 = Debug|Any CPU
		{7607BDAB-6E3F-4B80-AB98-2E1AC85EA03B}.Release|Any CPU.ActiveCfg = Release|Any CPU
		{7607BDAB-6E3F-4B80-AB98-2E1AC85EA03B}.Release|Any CPU.Build.0 = Release|Any CPU
		{8F366E26-6276-455D-9F77-5A072F65EAEB}.Debug|Any CPU.ActiveCfg = Debug|Any CPU
		{8F366E26-6276-455D-9F77-5A072F65EAEB}.Debug|Any CPU.Build.0 = Debug|Any CPU
		{8F366E26-6276-455D-9F77-5A072F65EAEB}.Release|Any CPU.ActiveCfg = Release|Any CPU
		{8F366E26-6276-455D-9F77-5A072F65EAEB}.Release|Any CPU.Build.0 = Release|Any CPU
	EndGlobalSection
	GlobalSection(SolutionProperties) = preSolution
		HideSolutionNode = FALSE
	EndGlobalSection
	GlobalSection(ExtensibilityGlobals) = postSolution
		SolutionGuid = {E38D7217-72CC-44E6-AE89-4B6C6DBD2268}
	EndGlobalSection
EndGlobal
